
Microsoft Visual Studio Solution File, Format Version 12.00
# Visual Studio Version 16
VisualStudioVersion = 16.0.29709.97
MinimumVisualStudioVersion = 10.0.40219.1
Project("{8BC9CEB8-8B4A-11D0-8D11-00A0C91BC942}") = "Time It I", "Time It I.vcxproj", "{E3CB4F08-4B2D-4B13-A6F3-793327F8B346}"
EndProject
Global
	GlobalSection(SolutionConfigurationPlatforms) = preSolution
		Debug|x64 = Debug|x64
		Debug|x86 = Debug|x86
		Release|x64 = Release|x64
		Release|x86 = Release|x86
	EndGlobalSection
	GlobalSection(ProjectConfigurationPlatforms) = postSolution
		{E3CB4F08-4B2D-4B13-A6F3-793327F8B346}.Debug|x64.ActiveCfg = Debug|x64
		{E3CB4F08-4B2D-4B13-A6F3-793327F8B346}.Debug|x64.Build.0 = Debug|x64
		{E3CB4F08-4B2D-4B13-A6F3-793327F8B346}.Debug|x86.ActiveCfg = Debug|Win32
		{E3CB4F08-4B2D-4B13-A6F3-793327F8B346}.Debug|x86.Build.0 = Debug|Win32
		{E3CB4F08-4B2D-4B13-A6F3-793327F8B346}.Release|x64.ActiveCfg = Release|x64
		{E3CB4F08-4B2D-4B13-A6F3-793327F8B346}.Release|x64.Build.0 = Release|x64
		{E3CB4F08-4B2D-4B13-A6F3-793327F8B346}.Release|x86.ActiveCfg = Release|Win32
		{E3CB4F08-4B2D-4B13-A6F3-793327F8B346}.Release|x86.Build.0 = Release|Win32
	EndGlobalSection
	GlobalSection(SolutionProperties) = preSolution
		HideSolutionNode = FALSE
	EndGlobalSection
	GlobalSection(ExtensibilityGlobals) = postSolution
		SolutionGuid = {B4E7BEC4-75D6-4E47-97D1-CA2229A8BE7B}
	EndGlobalSection
EndGlobal
